
Microsoft Visual Studio Solution File, Format Version 12.00
# Visual Studio Version 16
VisualStudioVersion = 16.0.29418.71
MinimumVisualStudioVersion = 10.0.40219.1
Project("{FAE04EC0-301F-11D3-BF4B-00C04F79EFBC}") = "Storedprocedure", "Storedprocedure\Storedprocedure.csproj", "{7B796068-C3C8-4B7F-8E8D-955EB344218A}"
EndProject
Global
	GlobalSection(SolutionConfigurationPlatforms) = preSolution
		Debug|Any CPU = Debug|Any CPU
		Release|Any CPU = Release|Any CPU
	EndGlobalSection
	GlobalSection(ProjectConfigurationPlatforms) = postSolution
		{7B796068-C3C8-4B7F-8E8D-955EB344218A}.Debug|Any CPU.ActiveCfg = Debug|Any CPU
		{7B796068-C3C8-4B7F-8E8D-955EB344218A}.Debug|Any CPU.Build.0 = Debug|Any CPU
		{7B796068-C3C8-4B7F-8E8D-955EB344218A}.Release|Any CPU.ActiveCfg = Release|Any CPU
		{7B796068-C3C8-4B7F-8E8D-955EB344218A}.Release|Any CPU.Build.0 = Release|Any CPU
	EndGlobalSection
	GlobalSection(SolutionProperties) = preSolution
		HideSolutionNode = FALSE
	EndGlobalSection
	GlobalSection(ExtensibilityGlobals) = postSolution
		SolutionGuid = {75BF0905-55BA-491E-9FB9-EF578E7DD709}
	EndGlobalSection
EndGlobal
